
Microsoft Visual Studio Solution File, Format Version 12.00
# Visual Studio Version 17
VisualStudioVersion = 17.13.35931.197
MinimumVisualStudioVersion = 10.0.40219.1
Project("{FAE04EC0-301F-11D3-BF4B-00C04F79EFBC}") = "Hospital.API", "Hospital.API\Hospital.API.csproj", "{52368660-ACE2-4144-AC58-BCDB94E967D3}"
EndProject
Project("{FAE04EC0-301F-11D3-BF4B-00C04F79EFBC}") = "Hospital.Domain", "Hospital.Domain\Hospital.Domain.csproj", "{C838590E-D363-4AAD-B769-5A49B1962E98}"
EndProject
Project("{FAE04EC0-301F-11D3-BF4B-00C04F79EFBC}") = "Hospital.Application", "Hospital.Application\Hospital.Application.csproj", "{EAEA1D65-C147-450A-BC24-D92F902C3FF3}"
EndProject
Project("{FAE04EC0-301F-11D3-BF4B-00C04F79EFBC}") = "Hospital.Infrastructure", "Hospital.Infrastructure\Hospital.Infrastructure.csproj", "{E9503ADC-63FC-415A-BEAD-D65F8FD66175}"
EndProject
Global
	GlobalSection(SolutionConfigurationPlatforms) = preSolution
		Debug|Any CPU = Debug|Any CPU
		Debug|x64 = Debug|x64
		Debug|x86 = Debug|x86
		Release|Any CPU = Release|Any CPU
		Release|x64 = Release|x64
		Release|x86 = Release|x86
	EndGlobalSection
	GlobalSection(ProjectConfigurationPlatforms) = postSolution
		{52368660-ACE2-4144-AC58-BCDB94E967D3}.Debug|Any CPU.ActiveCfg = Debug|Any CPU
		{52368660-ACE2-4144-AC58-BCDB94E967D3}.Debug|Any CPU.Build.0 = Debug|Any CPU
		{52368660-ACE2-4144-AC58-BCDB94E967D3}.Debug|x64.ActiveCfg = Debug|Any CPU
		{52368660-ACE2-4144-AC58-BCDB94E967D3}.Debug|x64.Build.0 = Debug|Any CPU
		{52368660-ACE2-4144-AC58-BCDB94E967D3}.Debug|x86.ActiveCfg = Debug|Any CPU
		{52368660-ACE2-4144-AC58-BCDB94E967D3}.Debug|x86.Build.0 = Debug|Any CPU
		{52368660-ACE2-4144-AC58-BCDB94E967D3}.Release|Any CPU.ActiveCfg = Release|Any CPU
		{52368660-ACE2-4144-AC58-BCDB94E967D3}.Release|Any CPU.Build.0 = Release|Any CPU
		{52368660-ACE2-4144-AC58-BCDB94E967D3}.Release|x64.ActiveCfg = Release|Any CPU
		{52368660-ACE2-4144-AC58-BCDB94E967D3}.Release|x64.Build.0 = Release|Any CPU
		{52368660-ACE2-4144-AC58-BCDB94E967D3}.Release|x86.ActiveCfg = Release|Any CPU
		{52368660-ACE2-4144-AC58-BCDB94E967D3}.Release|x86.Build.0 = Release|Any CPU
		{C838590E-D363-4AAD-B769-5A49B1962E98}.Debug|Any CPU.ActiveCfg = Debug|Any CPU
		{C838590E-D363-4AAD-B769-5A49B1962E98}.Debug|Any CPU.Build.0 = Debug|Any CPU
		{C838590E-D363-4AAD-B769-5A49B1962E98}.Debug|x64.ActiveCfg = Debug|Any CPU
		{C838590E-D363-4AAD-B769-5A49B1962E98}.Debug|x64.Build.0 = Debug|Any CPU
		{C838590E-D363-4AAD-B769-5A49B1962E98}.Debug|x86.ActiveCfg = Debug|Any CPU
		{C838590E-D363-4AAD-B769-5A49B1962E98}.Debug|x86.Build.0 = Debug|Any CPU
		{C838590E-D363-4AAD-B769-5A49B1962E98}.Release|Any CPU.ActiveCfg = Release|Any CPU
		{C838590E-D363-4AAD-B769-5A49B1962E98}.Release|Any CPU.Build.0 = Release|Any CPU
		{C838590E-D363-4AAD-B769-5A49B1962E98}.Release|x64.ActiveCfg = Release|Any CPU
		{C838590E-D363-4AAD-B769-5A49B1962E98}.Release|x64.Build.0 = Release|Any CPU
		{C838590E-D363-4AAD-B769-5A49B1962E98}.Release|x86.ActiveCfg = Release|Any CPU
		{C838590E-D363-4AAD-B769-5A49B1962E98}.Release|x86.Build.0 = Release|Any CPU
		{EAEA1D65-C147-450A-BC24-D92F902C3FF3}.Debug|Any CPU.ActiveCfg = Debug|Any CPU
		{EAEA1D65-C147-450A-BC24-D92F902C3FF3}.Debug|Any CPU.Build.0 = Debug|Any CPU
		{EAEA1D65-C147-450A-BC24-D92F902C3FF3}.Debug|x64.ActiveCfg = Debug|Any CPU
		{EAEA1D65-C147-450A-BC24-D92F902C3FF3}.Debug|x64.Build.0 = Debug|Any CPU
		{EAEA1D65-C147-450A-BC24-D92F902C3FF3}.Debug|x86.ActiveCfg = Debug|Any CPU
		{EAEA1D65-C147-450A-BC24-D92F902C3FF3}.Debug|x86.Build.0 = Debug|Any CPU
		{EAEA1D65-C147-450A-BC24-D92F902C3FF3}.Release|Any CPU.ActiveCfg = Release|Any CPU
		{EAEA1D65-C147-450A-BC24-D92F902C3FF3}.Release|Any CPU.Build.0 = Release|Any CPU
		{EAEA1D65-C147-450A-BC24-D92F902C3FF3}.Release|x64.ActiveCfg = Release|Any CPU
		{EAEA1D65-C147-450A-BC24-D92F902C3FF3}.Release|x64.Build.0 = Release|Any CPU
		{EAEA1D65-C147-450A-BC24-D92F902C3FF3}.Release|x86.ActiveCfg = Release|Any CPU
		{EAEA1D65-C147-450A-BC24-D92F902C3FF3}.Release|x86.Build.0 = Release|Any CPU
		{E9503ADC-63FC-415A-BEAD-D65F8FD66175}.Debug|Any CPU.ActiveCfg = Debug|Any CPU
		{E9503ADC-63FC-415A-BEAD-D65F8FD66175}.Debug|Any CPU.Build.0 = Debug|Any CPU
		{E9503ADC-63FC-415A-BEAD-D65F8FD66175}.Debug|x64.ActiveCfg = Debug|Any CPU
		{E9503ADC-63FC-415A-BEAD-D65F8FD66175}.Debug|x64.Build.0 = Debug|Any CPU
		{E9503ADC-63FC-415A-BEAD-D65F8FD66175}.Debug|x86.ActiveCfg = Debug|Any CPU
		{E9503ADC-63FC-415A-BEAD-D65F8FD66175}.Debug|x86.Build.0 = Debug|Any CPU
		{E9503ADC-63FC-415A-BEAD-D65F8FD66175}.Release|Any CPU.ActiveCfg = Release|Any CPU
		{E9503ADC-63FC-415A-BEAD-D65F8FD66175}.Release|Any CPU.Build.0 = Release|Any CPU
		{E9503ADC-63FC-415A-BEAD-D65F8FD66175}.Release|x64.ActiveCfg = Release|Any CPU
		{E9503ADC-63FC-415A-BEAD-D65F8FD66175}.Release|x64.Build.0 = Release|Any CPU
		{E9503ADC-63FC-415A-BEAD-D65F8FD66175}.Release|x86.ActiveCfg = Release|Any CPU
		{E9503ADC-63FC-415A-BEAD-D65F8FD66175}.Release|x86.Build.0 = Release|Any CPU
	EndGlobalSection
	GlobalSection(SolutionProperties) = preSolution
		HideSolutionNode = FALSE
	EndGlobalSection
	GlobalSection(ExtensibilityGlobals) = postSolution
		SolutionGuid = {EE8D4B9D-EF79-4FE8-A532-95CA723314C2}
	EndGlobalSection
EndGlobal
